
Microsoft Visual Studio Solution File, Format Version 12.00
# Visual Studio 15
Project("{FAE04EC0-301F-11D3-BF4B-00C04F79EFBC}") = "Assembly-CSharp", "Assembly-CSharp.csproj", "{F5301002-737C-B35B-5927-9EA28D473519}"
EndProject
Project("{FAE04EC0-301F-11D3-BF4B-00C04F79EFBC}") = "Assembly-CSharp-Editor", "Assembly-CSharp-Editor.csproj", "{F9481855-DC16-C7AD-1E93-8F2BE08C98A1}"
EndProject
Global
	GlobalSection(SolutionConfigurationPlatforms) = preSolution
		Debug|Any CPU = Debug|Any CPU
		Release|Any CPU = Release|Any CPU
	EndGlobalSection
	GlobalSection(ProjectConfigurationPlatforms) = postSolution
		{F5301002-737C-B35B-5927-9EA28D473519}.Debug|Any CPU.ActiveCfg = Debug|Any CPU
		{F5301002-737C-B35B-5927-9EA28D473519}.Debug|Any CPU.Build.0 = Debug|Any CPU
		{F5301002-737C-B35B-5927-9EA28D473519}.Release|Any CPU.ActiveCfg = Release|Any CPU
		{F5301002-737C-B35B-5927-9EA28D473519}.Release|Any CPU.Build.0 = Release|Any CPU
		{F9481855-DC16-C7AD-1E93-8F2BE08C98A1}.Debug|Any CPU.ActiveCfg = Debug|Any CPU
		{F9481855-DC16-C7AD-1E93-8F2BE08C98A1}.Debug|Any CPU.Build.0 = Debug|Any CPU
		{F9481855-DC16-C7AD-1E93-8F2BE08C98A1}.Release|Any CPU.ActiveCfg = Release|Any CPU
		{F9481855-DC16-C7AD-1E93-8F2BE08C98A1}.Release|Any CPU.Build.0 = Release|Any CPU
	EndGlobalSection
	GlobalSection(SolutionProperties) = preSolution
		HideSolutionNode = FALSE
	EndGlobalSection
EndGlobal
